// !$*UTF8*$!
{
	archiveVersion = 1;
	classes = {
	};
	objectVersion = 56;
	objects = {

/* Begin PBXBuildFile section */
		08006362295749610082B140 /* ContactListSUIApp.swift in Sources */ = {isa = PBXBuildFile; fileRef = 08006361295749610082B140 /* ContactListSUIApp.swift */; };
		08006364295749610082B140 /* ContentView.swift in Sources */ = {isa = PBXBuildFile; fileRef = 08006363295749610082B140 /* ContentView.swift */; };
		08006366295749640082B140 /* Assets.xcassets in Resources */ = {isa = PBXBuildFile; fileRef = 08006365295749640082B140 /* Assets.xcassets */; };
		08006369295749640082B140 /* Preview Assets.xcassets in Resources */ = {isa = PBXBuildFile; fileRef = 08006368295749640082B140 /* Preview Assets.xcassets */; };
		0800637029574A0E0082B140 /* Person.swift in Sources */ = {isa = PBXBuildFile; fileRef = 0800636F29574A0E0082B140 /* Person.swift */; };
		0800637229574B090082B140 /* DataStorage.swift in Sources */ = {isa = PBXBuildFile; fileRef = 0800637129574B090082B140 /* DataStorage.swift */; };
		0800637629574CEB0082B140 /* ExtendedContactRowView.swift in Sources */ = {isa = PBXBuildFile; fileRef = 0800637529574CEB0082B140 /* ExtendedContactRowView.swift */; };
		0800637929574D8C0082B140 /* ContactsListView.swift in Sources */ = {isa = PBXBuildFile; fileRef = 0800637829574D8C0082B140 /* ContactsListView.swift */; };
		0800637B29574FD80082B140 /* PersonsListView.swift in Sources */ = {isa = PBXBuildFile; fileRef = 0800637A29574FD80082B140 /* PersonsListView.swift */; };
		08006380295758AE0082B140 /* PersonsInfoView.swift in Sources */ = {isa = PBXBuildFile; fileRef = 0800637F295758AE0082B140 /* PersonsInfoView.swift */; };
/* End PBXBuildFile section */

/* Begin PBXFileReference section */
		0800635E295749610082B140 /* ContactListSUI.app */ = {isa = PBXFileReference; explicitFileType = wrapper.application; includeInIndex = 0; path = ContactListSUI.app; sourceTree = BUILT_PRODUCTS_DIR; };
		08006361295749610082B140 /* ContactListSUIApp.swift */ = {isa = PBXFileReference; lastKnownFileType = sourcecode.swift; path = ContactListSUIApp.swift; sourceTree = "<group>"; };
		08006363295749610082B140 /* ContentView.swift */ = {isa = PBXFileReference; lastKnownFileType = sourcecode.swift; path = ContentView.swift; sourceTree = "<group>"; };
		08006365295749640082B140 /* Assets.xcassets */ = {isa = PBXFileReference; lastKnownFileType = folder.assetcatalog; path = Assets.xcassets; sourceTree = "<group>"; };
		08006368295749640082B140 /* Preview Assets.xcassets */ = {isa = PBXFileReference; lastKnownFileType = folder.assetcatalog; path = "Preview Assets.xcassets"; sourceTree = "<group>"; };
		0800636F29574A0E0082B140 /* Person.swift */ = {isa = PBXFileReference; lastKnownFileType = sourcecode.swift; path = Person.swift; sourceTree = "<group>"; };
		0800637129574B090082B140 /* DataStorage.swift */ = {isa = PBXFileReference; lastKnownFileType = sourcecode.swift; path = DataStorage.swift; sourceTree = "<group>"; };
		0800637529574CEB0082B140 /* ExtendedContactRowView.swift */ = {isa = PBXFileReference; lastKnownFileType = sourcecode.swift; path = ExtendedContactRowView.swift; sourceTree = "<group>"; };
		0800637829574D8C0082B140 /* ContactsListView.swift */ = {isa = PBXFileReference; lastKnownFileType = sourcecode.swift; path = ContactsListView.swift; sourceTree = "<group>"; };
		0800637A29574FD80082B140 /* PersonsListView.swift */ = {isa = PBXFileReference; lastKnownFileType = sourcecode.swift; path = PersonsListView.swift; sourceTree = "<group>"; };
		0800637F295758AE0082B140 /* PersonsInfoView.swift */ = {isa = PBXFileReference; lastKnownFileType = sourcecode.swift; path = PersonsInfoView.swift; sourceTree = "<group>"; };
/* End PBXFileReference section */

/* Begin PBXFrameworksBuildPhase section */
		0800635B295749610082B140 /* Frameworks */ = {
			isa = PBXFrameworksBuildPhase;
			buildActionMask = 2147483647;
			files = (
			);
			runOnlyForDeploymentPostprocessing = 0;
		};
/* End PBXFrameworksBuildPhase section */

/* Begin PBXGroup section */
		08006355295749610082B140 = {
			isa = PBXGroup;
			children = (
				08006360295749610082B140 /* ContactListSUI */,
				0800635F295749610082B140 /* Products */,
			);
			sourceTree = "<group>";
		};
		0800635F295749610082B140 /* Products */ = {
			isa = PBXGroup;
			children = (
				0800635E295749610082B140 /* ContactListSUI.app */,
			);
			name = Products;
			sourceTree = "<group>";
		};
		08006360295749610082B140 /* ContactListSUI */ = {
			isa = PBXGroup;
			children = (
				0800637C29574FE40082B140 /* Views */,
				0800637729574CF10082B140 /* Row Views */,
				0800637329574C5D0082B140 /* Services */,
				0800637429574C690082B140 /* Models */,
				08006361295749610082B140 /* ContactListSUIApp.swift */,
				08006365295749640082B140 /* Assets.xcassets */,
				08006367295749640082B140 /* Preview Content */,
			);
			path = ContactListSUI;
			sourceTree = "<group>";
		};
		08006367295749640082B140 /* Preview Content */ = {
			isa = PBXGroup;
			children = (
				08006368295749640082B140 /* Preview Assets.xcassets */,
			);
			path = "Preview Content";
			sourceTree = "<group>";
		};
		0800637329574C5D0082B140 /* Services */ = {
			isa = PBXGroup;
			children = (
				0800637129574B090082B140 /* DataStorage.swift */,
			);
			path = Services;
			sourceTree = "<group>";
		};
		0800637429574C690082B140 /* Models */ = {
			isa = PBXGroup;
			children = (
				0800636F29574A0E0082B140 /* Person.swift */,
			);
			path = Models;
			sourceTree = "<group>";
		};
		0800637729574CF10082B140 /* Row Views */ = {
			isa = PBXGroup;
			children = (
				0800637529574CEB0082B140 /* ExtendedContactRowView.swift */,
			);
			path = "Row Views";
			sourceTree = "<group>";
		};
		0800637C29574FE40082B140 /* Views */ = {
			isa = PBXGroup;
			children = (
				0800637829574D8C0082B140 /* ContactsListView.swift */,
				0800637A29574FD80082B140 /* PersonsListView.swift */,
				0800637F295758AE0082B140 /* PersonsInfoView.swift */,
				08006363295749610082B140 /* ContentView.swift */,
			);
			path = Views;
			sourceTree = "<group>";
		};
/* End PBXGroup section */

/* Begin PBXNativeTarget section */
		0800635D295749610082B140 /* ContactListSUI */ = {
			isa = PBXNativeTarget;
			buildConfigurationList = 0800636C295749640082B140 /* Build configuration list for PBXNativeTarget "ContactListSUI" */;
			buildPhases = (
				0800635A295749610082B140 /* Sources */,
				0800635B295749610082B140 /* Frameworks */,
				0800635C295749610082B140 /* Resources */,
			);
			buildRules = (
			);
			dependencies = (
			);
			name = ContactListSUI;
			productName = ContactListSUI;
			productReference = 0800635E295749610082B140 /* ContactListSUI.app */;
			productType = "com.apple.product-type.application";
		};
/* End PBXNativeTarget section */

/* Begin PBXProject section */
		08006356295749610082B140 /* Project object */ = {
			isa = PBXProject;
			attributes = {
				BuildIndependentTargetsInParallel = 1;
				LastSwiftUpdateCheck = 1400;
				LastUpgradeCheck = 1400;
				TargetAttributes = {
					0800635D295749610082B140 = {
						CreatedOnToolsVersion = 14.0;
					};
				};
			};
			buildConfigurationList = 08006359295749610082B140 /* Build configuration list for PBXProject "ContactListSUI" */;
			compatibilityVersion = "Xcode 14.0";
			developmentRegion = en;
			hasScannedForEncodings = 0;
			knownRegions = (
				en,
				Base,
			);
			mainGroup = 08006355295749610082B140;
			productRefGroup = 0800635F295749610082B140 /* Products */;
			projectDirPath = "";
			projectRoot = "";
			targets = (
				0800635D295749610082B140 /* ContactListSUI */,
			);
		};
/* End PBXProject section */

/* Begin PBXResourcesBuildPhase section */
		0800635C295749610082B140 /* Resources */ = {
			isa = PBXResourcesBuildPhase;
			buildActionMask = 2147483647;
			files = (
				08006369295749640082B140 /* Preview Assets.xcassets in Resources */,
				08006366295749640082B140 /* Assets.xcassets in Resources */,
			);
			runOnlyForDeploymentPostprocessing = 0;
		};
/* End PBXResourcesBuildPhase section */

/* Begin PBXSourcesBuildPhase section */
		0800635A295749610082B140 /* Sources */ = {
			isa = PBXSourcesBuildPhase;
			buildActionMask = 2147483647;
			files = (
				0800637929574D8C0082B140 /* ContactsListView.swift in Sources */,
				08006380295758AE0082B140 /* PersonsInfoView.swift in Sources */,
				0800637029574A0E0082B140 /* Person.swift in Sources */,
				08006364295749610082B140 /* ContentView.swift in Sources */,
				0800637B29574FD80082B140 /* PersonsListView.swift in Sources */,
				08006362295749610082B140 /* ContactListSUIApp.swift in Sources */,
				0800637229574B090082B140 /* DataStorage.swift in Sources */,
				0800637629574CEB0082B140 /* ExtendedContactRowView.swift in Sources */,
			);
			runOnlyForDeploymentPostprocessing = 0;
		};
/* End PBXSourcesBuildPhase section */

/* Begin XCBuildConfiguration section */
		0800636A295749640082B140 /* Debug */ = {
			isa = XCBuildConfiguration;
			buildSettings = {
				ALWAYS_SEARCH_USER_PATHS = NO;
				CLANG_ANALYZER_NONNULL = YES;
				CLANG_ANALYZER_NUMBER_OBJECT_CONVERSION = YES_AGGRESSIVE;
				CLANG_CXX_LANGUAGE_STANDARD = "gnu++20";
				CLANG_ENABLE_MODULES = YES;
				CLANG_ENABLE_OBJC_ARC = YES;
				CLANG_ENABLE_OBJC_WEAK = YES;
				CLANG_WARN_BLOCK_CAPTURE_AUTORELEASING = YES;
				CLANG_WARN_BOOL_CONVERSION = YES;
				CLANG_WARN_COMMA = YES;
				CLANG_WARN_CONSTANT_CONVERSION = YES;
				CLANG_WARN_DEPRECATED_OBJC_IMPLEMENTATIONS = YES;
				CLANG_WARN_DIRECT_OBJC_ISA_USAGE = YES_ERROR;
				CLANG_WARN_DOCUMENTATION_COMMENTS = YES;
				CLANG_WARN_EMPTY_BODY = YES;
				CLANG_WARN_ENUM_CONVERSION = YES;
				CLANG_WARN_INFINITE_RECURSION = YES;
				CLANG_WARN_INT_CONVERSION = YES;
				CLANG_WARN_NON_LITERAL_NULL_CONVERSION = YES;
				CLANG_WARN_OBJC_IMPLICIT_RETAIN_SELF = YES;
				CLANG_WARN_OBJC_LITERAL_CONVERSION = YES;
				CLANG_WARN_OBJC_ROOT_CLASS = YES_ERROR;
				CLANG_WARN_QUOTED_INCLUDE_IN_FRAMEWORK_HEADER = YES;
				CLANG_WARN_RANGE_LOOP_ANALYSIS = YES;
				CLANG_WARN_STRICT_PROTOTYPES = YES;
				CLANG_WARN_SUSPICIOUS_MOVE = YES;
				CLANG_WARN_UNGUARDED_AVAILABILITY = YES_AGGRESSIVE;
				CLANG_WARN_UNREACHABLE_CODE = YES;
				CLANG_WARN__DUPLICATE_METHOD_MATCH = YES;
				COPY_PHASE_STRIP = NO;
				DEBUG_INFORMATION_FORMAT = dwarf;
				ENABLE_STRICT_OBJC_MSGSEND = YES;
				ENABLE_TESTABILITY = YES;
				GCC_C_LANGUAGE_STANDARD = gnu11;
				GCC_DYNAMIC_NO_PIC = NO;
				GCC_NO_COMMON_BLOCKS = YES;
				GCC_OPTIMIZATION_LEVEL = 0;
				GCC_PREPROCESSOR_DEFINITIONS = (
					"DEBUG=1",
					"$(inherited)",
				);
				GCC_WARN_64_TO_32_BIT_CONVERSION = YES;
				GCC_WARN_ABOUT_RETURN_TYPE = YES_ERROR;
				GCC_WARN_UNDECLARED_SELECTOR = YES;
				GCC_WARN_UNINITIALIZED_AUTOS = YES_AGGRESSIVE;
				GCC_WARN_UNUSED_FUNCTION = YES;
				GCC_WARN_UNUSED_VARIABLE = YES;
				IPHONEOS_DEPLOYMENT_TARGET = 16.0;
				MTL_ENABLE_DEBUG_INFO = INCLUDE_SOURCE;
				MTL_FAST_MATH = YES;
				ONLY_ACTIVE_ARCH = YES;
				SDKROOT = iphoneos;
				SWIFT_ACTIVE_COMPILATION_CONDITIONS = DEBUG;
				SWIFT_OPTIMIZATION_LEVEL = "-Onone";
			};
			name = Debug;
		};
		0800636B295749640082B140 /* Release */ = {
			isa = XCBuildConfiguration;
			buildSettings = {
				ALWAYS_SEARCH_USER_PATHS = NO;
				CLANG_ANALYZER_NONNULL = YES;
				CLANG_ANALYZER_NUMBER_OBJECT_CONVERSION = YES_AGGRESSIVE;
				CLANG_CXX_LANGUAGE_STANDARD = "gnu++20";
				CLANG_ENABLE_MODULES = YES;
				CLANG_ENABLE_OBJC_ARC = YES;
				CLANG_ENABLE_OBJC_WEAK = YES;
				CLANG_WARN_BLOCK_CAPTURE_AUTORELEASING = YES;
				CLANG_WARN_BOOL_CONVERSION = YES;
				CLANG_WARN_COMMA = YES;
				CLANG_WARN_CONSTANT_CONVERSION = YES;
				CLANG_WARN_DEPRECATED_OBJC_IMPLEMENTATIONS = YES;
				CLANG_WARN_DIRECT_OBJC_ISA_USAGE = YES_ERROR;
				CLANG_WARN_DOCUMENTATION_COMMENTS = YES;
				CLANG_WARN_EMPTY_BODY = YES;
				CLANG_WARN_ENUM_CONVERSION = YES;
				CLANG_WARN_INFINITE_RECURSION = YES;
				CLANG_WARN_INT_CONVERSION = YES;
				CLANG_WARN_NON_LITERAL_NULL_CONVERSION = YES;
				CLANG_WARN_OBJC_IMPLICIT_RETAIN_SELF = YES;
				CLANG_WARN_OBJC_LITERAL_CONVERSION = YES;
				CLANG_WARN_OBJC_ROOT_CLASS = YES_ERROR;
				CLANG_WARN_QUOTED_INCLUDE_IN_FRAMEWORK_HEADER = YES;
				CLANG_WARN_RANGE_LOOP_ANALYSIS = YES;
				CLANG_WARN_STRICT_PROTOTYPES = YES;
				CLANG_WARN_SUSPICIOUS_MOVE = YES;
				CLANG_WARN_UNGUARDED_AVAILABILITY = YES_AGGRESSIVE;
				CLANG_WARN_UNREACHABLE_CODE = YES;
				CLANG_WARN__DUPLICATE_METHOD_MATCH = YES;
				COPY_PHASE_STRIP = NO;
				DEBUG_INFORMATION_FORMAT = "dwarf-with-dsym";
				ENABLE_NS_ASSERTIONS = NO;
				ENABLE_STRICT_OBJC_MSGSEND = YES;
				GCC_C_LANGUAGE_STANDARD = gnu11;
				GCC_NO_COMMON_BLOCKS = YES;
				GCC_WARN_64_TO_32_BIT_CONVERSION = YES;
				GCC_WARN_ABOUT_RETURN_TYPE = YES_ERROR;
				GCC_WARN_UNDECLARED_SELECTOR = YES;
				GCC_WARN_UNINITIALIZED_AUTOS = YES_AGGRESSIVE;
				GCC_WARN_UNUSED_FUNCTION = YES;
				GCC_WARN_UNUSED_VARIABLE = YES;
				IPHONEOS_DEPLOYMENT_TARGET = 16.0;
				MTL_ENABLE_DEBUG_INFO = NO;
				MTL_FAST_MATH = YES;
				SDKROOT = iphoneos;
				SWIFT_COMPILATION_MODE = wholemodule;
				SWIFT_OPTIMIZATION_LEVEL = "-O";
				VALIDATE_PRODUCT = YES;
			};
			name = Release;
		};
		0800636D295749640082B140 /* Debug */ = {
			isa = XCBuildConfiguration;
			buildSettings = {
				ASSETCATALOG_COMPILER_APPICON_NAME = AppIcon;
				ASSETCATALOG_COMPILER_GLOBAL_ACCENT_COLOR_NAME = AccentColor;
				CODE_SIGN_STYLE = Automatic;
				CURRENT_PROJECT_VERSION = 1;
				DEVELOPMENT_ASSET_PATHS = "\"ContactListSUI/Preview Content\"";
				ENABLE_PREVIEWS = YES;
				GENERATE_INFOPLIST_FILE = YES;
				INFOPLIST_KEY_UIApplicationSceneManifest_Generation = YES;
				INFOPLIST_KEY_UIApplicationSupportsIndirectInputEvents = YES;
				INFOPLIST_KEY_UILaunchScreen_Generation = YES;
				INFOPLIST_KEY_UISupportedInterfaceOrientations_iPad = "UIInterfaceOrientationPortrait UIInterfaceOrientationPortraitUpsideDown UIInterfaceOrientationLandscapeLeft UIInterfaceOrientationLandscapeRight";
				INFOPLIST_KEY_UISupportedInterfaceOrientations_iPhone = "UIInterfaceOrientationPortrait UIInterfaceOrientationLandscapeLeft UIInterfaceOrientationLandscapeRight";
				LD_RUNPATH_SEARCH_PATHS = (
					"$(inherited)",
					"@executable_path/Frameworks",
				);
				MARKETING_VERSION = 1.0;
				PRODUCT_BUNDLE_IDENTIFIER = ru.icandev.ContactListSUI;
				PRODUCT_NAME = "$(TARGET_NAME)";
				SWIFT_EMIT_LOC_STRINGS = YES;
				SWIFT_VERSION = 5.0;
				TARGETED_DEVICE_FAMILY = "1,2";
			};
			name = Debug;
		};
		0800636E295749640082B140 /* Release */ = {
			isa = XCBuildConfiguration;
			buildSettings = {
				ASSETCATALOG_COMPILER_APPICON_NAME = AppIcon;
				ASSETCATALOG_COMPILER_GLOBAL_ACCENT_COLOR_NAME = AccentColor;
				CODE_SIGN_STYLE = Automatic;
				CURRENT_PROJECT_VERSION = 1;
				DEVELOPMENT_ASSET_PATHS = "\"ContactListSUI/Preview Content\"";
				ENABLE_PREVIEWS = YES;
				GENERATE_INFOPLIST_FILE = YES;
				INFOPLIST_KEY_UIApplicationSceneManifest_Generation = YES;
				INFOPLIST_KEY_UIApplicationSupportsIndirectInputEvents = YES;
				INFOPLIST_KEY_UILaunchScreen_Generation = YES;
				INFOPLIST_KEY_UISupportedInterfaceOrientations_iPad = "UIInterfaceOrientationPortrait UIInterfaceOrientationPortraitUpsideDown UIInterfaceOrientationLandscapeLeft UIInterfaceOrientationLandscapeRight";
				INFOPLIST_KEY_UISupportedInterfaceOrientations_iPhone = "UIInterfaceOrientationPortrait UIInterfaceOrientationLandscapeLeft UIInterfaceOrientationLandscapeRight";
				LD_RUNPATH_SEARCH_PATHS = (
					"$(inherited)",
					"@executable_path/Frameworks",
				);
				MARKETING_VERSION = 1.0;
				PRODUCT_BUNDLE_IDENTIFIER = ru.icandev.ContactListSUI;
				PRODUCT_NAME = "$(TARGET_NAME)";
				SWIFT_EMIT_LOC_STRINGS = YES;
				SWIFT_VERSION = 5.0;
				TARGETED_DEVICE_FAMILY = "1,2";
			};
			name = Release;
		};
/* End XCBuildConfiguration section */

/* Begin XCConfigurationList section */
		08006359295749610082B140 /* Build configuration list for PBXProject "ContactListSUI" */ = {
			isa = XCConfigurationList;
			buildConfigurations = (
				0800636A295749640082B140 /* Debug */,
				0800636B295749640082B140 /* Release */,
			);
			defaultConfigurationIsVisible = 0;
			defaultConfigurationName = Release;
		};
		0800636C295749640082B140 /* Build configuration list for PBXNativeTarget "ContactListSUI" */ = {
			isa = XCConfigurationList;
			buildConfigurations = (
				0800636D295749640082B140 /* Debug */,
				0800636E295749640082B140 /* Release */,
			);
			defaultConfigurationIsVisible = 0;
			defaultConfigurationName = Release;
		};
/* End XCConfigurationList section */
	};
	rootObject = 08006356295749610082B140 /* Project object */;
}
